
Microsoft Visual Studio Solution File, Format Version 12.00
# Visual Studio Version 17
VisualStudioVersion = 17.4.33110.190
MinimumVisualStudioVersion = 10.0.40219.1
Project("{2150E333-8FDC-42A3-9474-1A3956D46DE8}") = "src", "src", "{5F5657D5-C8A7-40E7-98E0-D599E674BEAC}"
EndProject
Project("{2150E333-8FDC-42A3-9474-1A3956D46DE8}") = "test", "test", "{89EEB51A-49E2-409A-BDB9-5E53BF028143}"
EndProject
Project("{9A19103F-16F7-4668-BE54-9A1E7A4F7556}") = "ContactHub.Application", "src\Contacter.Application\ContactHub.Application.csproj", "{2FDB694E-04EF-4AF6-9305-D5A560E40E8D}"
EndProject
Project("{9A19103F-16F7-4668-BE54-9A1E7A4F7556}") = "ContactHub.Persistence", "src\Contacter.Persistence\ContactHub.Persistence.csproj", "{725881D9-BB51-4E61-A6D7-003E821C3315}"
EndProject
Project("{9A19103F-16F7-4668-BE54-9A1E7A4F7556}") = "ContactHub.Web", "src\Contacter.Web\ContactHub.Web.csproj", "{40A85EB1-485A-412F-BFCD-AD7E866E417F}"
EndProject
Project("{9A19103F-16F7-4668-BE54-9A1E7A4F7556}") = "Contacter.DomainTests", "tests\Contacter.DomainTests\Contacter.DomainTests.csproj", "{03E580FE-ABBD-4367-A48C-4F688017B6D9}"
EndProject
Project("{9A19103F-16F7-4668-BE54-9A1E7A4F7556}") = "ContactHub.Domain", "src\Contacter.Domain\ContactHub.Domain.csproj", "{F83A4F3E-4376-45C3-9D29-170746D61022}"
EndProject
Global
	GlobalSection(SolutionConfigurationPlatforms) = preSolution
		Debug|Any CPU = Debug|Any CPU
		Release|Any CPU = Release|Any CPU
	EndGlobalSection
	GlobalSection(ProjectConfigurationPlatforms) = postSolution
		{2FDB694E-04EF-4AF6-9305-D5A560E40E8D}.Debug|Any CPU.ActiveCfg = Debug|Any CPU
		{2FDB694E-04EF-4AF6-9305-D5A560E40E8D}.Debug|Any CPU.Build.0 = Debug|Any CPU
		{2FDB694E-04EF-4AF6-9305-D5A560E40E8D}.Release|Any CPU.ActiveCfg = Release|Any CPU
		{2FDB694E-04EF-4AF6-9305-D5A560E40E8D}.Release|Any CPU.Build.0 = Release|Any CPU
		{725881D9-BB51-4E61-A6D7-003E821C3315}.Debug|Any CPU.ActiveCfg = Debug|Any CPU
		{725881D9-BB51-4E61-A6D7-003E821C3315}.Debug|Any CPU.Build.0 = Debug|Any CPU
		{725881D9-BB51-4E61-A6D7-003E821C3315}.Release|Any CPU.ActiveCfg = Release|Any CPU
		{725881D9-BB51-4E61-A6D7-003E821C3315}.Release|Any CPU.Build.0 = Release|Any CPU
		{40A85EB1-485A-412F-BFCD-AD7E866E417F}.Debug|Any CPU.ActiveCfg = Debug|Any CPU
		{40A85EB1-485A-412F-BFCD-AD7E866E417F}.Debug|Any CPU.Build.0 = Debug|Any CPU
		{40A85EB1-485A-412F-BFCD-AD7E866E417F}.Release|Any CPU.ActiveCfg = Release|Any CPU
		{40A85EB1-485A-412F-BFCD-AD7E866E417F}.Release|Any CPU.Build.0 = Release|Any CPU
		{03E580FE-ABBD-4367-A48C-4F688017B6D9}.Debug|Any CPU.ActiveCfg = Debug|Any CPU
		{03E580FE-ABBD-4367-A48C-4F688017B6D9}.Debug|Any CPU.Build.0 = Debug|Any CPU
		{03E580FE-ABBD-4367-A48C-4F688017B6D9}.Release|Any CPU.ActiveCfg = Release|Any CPU
		{03E580FE-ABBD-4367-A48C-4F688017B6D9}.Release|Any CPU.Build.0 = Release|Any CPU
		{F83A4F3E-4376-45C3-9D29-170746D61022}.Debug|Any CPU.ActiveCfg = Debug|Any CPU
		{F83A4F3E-4376-45C3-9D29-170746D61022}.Debug|Any CPU.Build.0 = Debug|Any CPU
		{F83A4F3E-4376-45C3-9D29-170746D61022}.Release|Any CPU.ActiveCfg = Release|Any CPU
		{F83A4F3E-4376-45C3-9D29-170746D61022}.Release|Any CPU.Build.0 = Release|Any CPU
	EndGlobalSection
	GlobalSection(SolutionProperties) = preSolution
		HideSolutionNode = FALSE
	EndGlobalSection
	GlobalSection(NestedProjects) = preSolution
		{2FDB694E-04EF-4AF6-9305-D5A560E40E8D} = {5F5657D5-C8A7-40E7-98E0-D599E674BEAC}
		{725881D9-BB51-4E61-A6D7-003E821C3315} = {5F5657D5-C8A7-40E7-98E0-D599E674BEAC}
		{40A85EB1-485A-412F-BFCD-AD7E866E417F} = {5F5657D5-C8A7-40E7-98E0-D599E674BEAC}
		{03E580FE-ABBD-4367-A48C-4F688017B6D9} = {89EEB51A-49E2-409A-BDB9-5E53BF028143}
		{F83A4F3E-4376-45C3-9D29-170746D61022} = {5F5657D5-C8A7-40E7-98E0-D599E674BEAC}
	EndGlobalSection
	GlobalSection(ExtensibilityGlobals) = postSolution
		SolutionGuid = {1A258459-EF03-4AB1-AD90-81487AB73B96}
	EndGlobalSection
EndGlobal
